// !$*UTF8*$!
{
	archiveVersion = 1;
	classes = {
	};
	objectVersion = 56;
	objects = {

/* Begin PBXBuildFile section */
		EA1AEE5529B47E540005241B /* ExpenseTrackerApp.swift in Sources */ = {isa = PBXBuildFile; fileRef = EA1AEE5429B47E540005241B /* ExpenseTrackerApp.swift */; };
		EA1AEE5729B47E540005241B /* ContentView.swift in Sources */ = {isa = PBXBuildFile; fileRef = EA1AEE5629B47E540005241B /* ContentView.swift */; };
		EA1AEE5929B47E560005241B /* Assets.xcassets in Resources */ = {isa = PBXBuildFile; fileRef = EA1AEE5829B47E560005241B /* Assets.xcassets */; };
		EA1AEE5C29B47E560005241B /* Preview Assets.xcassets in Resources */ = {isa = PBXBuildFile; fileRef = EA1AEE5B29B47E560005241B /* Preview Assets.xcassets */; };
		EA1AEE6529B47F950005241B /* Extensions.swift in Sources */ = {isa = PBXBuildFile; fileRef = EA1AEE6429B47F950005241B /* Extensions.swift */; };
		EA1AEE6729B4818B0005241B /* TransactionModel.swift in Sources */ = {isa = PBXBuildFile; fileRef = EA1AEE6629B4818B0005241B /* TransactionModel.swift */; };
		EA1AEE6929B482800005241B /* PreviewData.swift in Sources */ = {isa = PBXBuildFile; fileRef = EA1AEE6829B482800005241B /* PreviewData.swift */; };
		EA1AEE6B29B4831B0005241B /* TransactionRow.swift in Sources */ = {isa = PBXBuildFile; fileRef = EA1AEE6A29B4831B0005241B /* TransactionRow.swift */; };
		EA1AEE6E29B488520005241B /* SwiftUIFontIcon in Frameworks */ = {isa = PBXBuildFile; productRef = EA1AEE6D29B488520005241B /* SwiftUIFontIcon */; };
		EA1AEE7229B496120005241B /* RecentTransactionList.swift in Sources */ = {isa = PBXBuildFile; fileRef = EA1AEE7129B496120005241B /* RecentTransactionList.swift */; };
		EA1AEE7329B49CEC0005241B /* TransactionListViewModel.swift in Sources */ = {isa = PBXBuildFile; fileRef = EA1AEE6F29B488E10005241B /* TransactionListViewModel.swift */; };
		EA1AEE7529B4AEF80005241B /* TransactionList.swift in Sources */ = {isa = PBXBuildFile; fileRef = EA1AEE7429B4AEF80005241B /* TransactionList.swift */; };
		EA1AEE7829B4B1730005241B /* Collections in Frameworks */ = {isa = PBXBuildFile; productRef = EA1AEE7729B4B1730005241B /* Collections */; };
		EA1AEE7B29B4B2730005241B /* SwiftUICharts in Frameworks */ = {isa = PBXBuildFile; productRef = EA1AEE7A29B4B2730005241B /* SwiftUICharts */; };
/* End PBXBuildFile section */

/* Begin PBXFileReference section */
		EA1AEE5129B47E540005241B /* ExpenseTracker.app */ = {isa = PBXFileReference; explicitFileType = wrapper.application; includeInIndex = 0; path = ExpenseTracker.app; sourceTree = BUILT_PRODUCTS_DIR; };
		EA1AEE5429B47E540005241B /* ExpenseTrackerApp.swift */ = {isa = PBXFileReference; lastKnownFileType = sourcecode.swift; path = ExpenseTrackerApp.swift; sourceTree = "<group>"; };
		EA1AEE5629B47E540005241B /* ContentView.swift */ = {isa = PBXFileReference; lastKnownFileType = sourcecode.swift; path = ContentView.swift; sourceTree = "<group>"; };
		EA1AEE5829B47E560005241B /* Assets.xcassets */ = {isa = PBXFileReference; lastKnownFileType = folder.assetcatalog; path = Assets.xcassets; sourceTree = "<group>"; };
		EA1AEE5B29B47E560005241B /* Preview Assets.xcassets */ = {isa = PBXFileReference; lastKnownFileType = folder.assetcatalog; path = "Preview Assets.xcassets"; sourceTree = "<group>"; };
		EA1AEE6429B47F950005241B /* Extensions.swift */ = {isa = PBXFileReference; lastKnownFileType = sourcecode.swift; path = Extensions.swift; sourceTree = "<group>"; };
		EA1AEE6629B4818B0005241B /* TransactionModel.swift */ = {isa = PBXFileReference; lastKnownFileType = sourcecode.swift; path = TransactionModel.swift; sourceTree = "<group>"; };
		EA1AEE6829B482800005241B /* PreviewData.swift */ = {isa = PBXFileReference; lastKnownFileType = sourcecode.swift; path = PreviewData.swift; sourceTree = "<group>"; };
		EA1AEE6A29B4831B0005241B /* TransactionRow.swift */ = {isa = PBXFileReference; lastKnownFileType = sourcecode.swift; path = TransactionRow.swift; sourceTree = "<group>"; };
		EA1AEE6F29B488E10005241B /* TransactionListViewModel.swift */ = {isa = PBXFileReference; lastKnownFileType = sourcecode.swift; path = TransactionListViewModel.swift; sourceTree = "<group>"; };
		EA1AEE7129B496120005241B /* RecentTransactionList.swift */ = {isa = PBXFileReference; lastKnownFileType = sourcecode.swift; path = RecentTransactionList.swift; sourceTree = "<group>"; };
		EA1AEE7429B4AEF80005241B /* TransactionList.swift */ = {isa = PBXFileReference; lastKnownFileType = sourcecode.swift; path = TransactionList.swift; sourceTree = "<group>"; };
/* End PBXFileReference section */

/* Begin PBXFrameworksBuildPhase section */
		EA1AEE4E29B47E540005241B /* Frameworks */ = {
			isa = PBXFrameworksBuildPhase;
			buildActionMask = 2147483647;
			files = (
				EA1AEE7B29B4B2730005241B /* SwiftUICharts in Frameworks */,
				EA1AEE7829B4B1730005241B /* Collections in Frameworks */,
				EA1AEE6E29B488520005241B /* SwiftUIFontIcon in Frameworks */,
			);
			runOnlyForDeploymentPostprocessing = 0;
		};
/* End PBXFrameworksBuildPhase section */

/* Begin PBXGroup section */
		EA1AEE4829B47E540005241B = {
			isa = PBXGroup;
			children = (
				EA1AEE5329B47E540005241B /* ExpenseTracker */,
				EA1AEE5229B47E540005241B /* Products */,
			);
			sourceTree = "<group>";
		};
		EA1AEE5229B47E540005241B /* Products */ = {
			isa = PBXGroup;
			children = (
				EA1AEE5129B47E540005241B /* ExpenseTracker.app */,
			);
			name = Products;
			sourceTree = "<group>";
		};
		EA1AEE5329B47E540005241B /* ExpenseTracker */ = {
			isa = PBXGroup;
			children = (
				EA1AEE6629B4818B0005241B /* TransactionModel.swift */,
				EA1AEE6429B47F950005241B /* Extensions.swift */,
				EA1AEE5429B47E540005241B /* ExpenseTrackerApp.swift */,
				EA1AEE5629B47E540005241B /* ContentView.swift */,
				EA1AEE5829B47E560005241B /* Assets.xcassets */,
				EA1AEE5A29B47E560005241B /* Preview Content */,
				EA1AEE6A29B4831B0005241B /* TransactionRow.swift */,
				EA1AEE6F29B488E10005241B /* TransactionListViewModel.swift */,
				EA1AEE7129B496120005241B /* RecentTransactionList.swift */,
				EA1AEE7429B4AEF80005241B /* TransactionList.swift */,
			);
			path = ExpenseTracker;
			sourceTree = "<group>";
		};
		EA1AEE5A29B47E560005241B /* Preview Content */ = {
			isa = PBXGroup;
			children = (
				EA1AEE5B29B47E560005241B /* Preview Assets.xcassets */,
				EA1AEE6829B482800005241B /* PreviewData.swift */,
			);
			path = "Preview Content";
			sourceTree = "<group>";
		};
/* End PBXGroup section */

/* Begin PBXNativeTarget section */
		EA1AEE5029B47E540005241B /* ExpenseTracker */ = {
			isa = PBXNativeTarget;
			buildConfigurationList = EA1AEE5F29B47E560005241B /* Build configuration list for PBXNativeTarget "ExpenseTracker" */;
			buildPhases = (
				EA1AEE4D29B47E540005241B /* Sources */,
				EA1AEE4E29B47E540005241B /* Frameworks */,
				EA1AEE4F29B47E540005241B /* Resources */,
			);
			buildRules = (
			);
			dependencies = (
			);
			name = ExpenseTracker;
			packageProductDependencies = (
				EA1AEE6D29B488520005241B /* SwiftUIFontIcon */,
				EA1AEE7729B4B1730005241B /* Collections */,
				EA1AEE7A29B4B2730005241B /* SwiftUICharts */,
			);
			productName = ExpenseTracker;
			productReference = EA1AEE5129B47E540005241B /* ExpenseTracker.app */;
			productType = "com.apple.product-type.application";
		};
/* End PBXNativeTarget section */

/* Begin PBXProject section */
		EA1AEE4929B47E540005241B /* Project object */ = {
			isa = PBXProject;
			attributes = {
				BuildIndependentTargetsInParallel = 1;
				LastSwiftUpdateCheck = 1420;
				LastUpgradeCheck = 1420;
				TargetAttributes = {
					EA1AEE5029B47E540005241B = {
						CreatedOnToolsVersion = 14.2;
					};
				};
			};
			buildConfigurationList = EA1AEE4C29B47E540005241B /* Build configuration list for PBXProject "ExpenseTracker" */;
			compatibilityVersion = "Xcode 14.0";
			developmentRegion = en;
			hasScannedForEncodings = 0;
			knownRegions = (
				en,
				Base,
			);
			mainGroup = EA1AEE4829B47E540005241B;
			packageReferences = (
				EA1AEE6C29B488520005241B /* XCRemoteSwiftPackageReference "SwiftUIFontIcon" */,
				EA1AEE7629B4B1730005241B /* XCRemoteSwiftPackageReference "swift-collections" */,
				EA1AEE7929B4B2730005241B /* XCRemoteSwiftPackageReference "ChartView" */,
			);
			productRefGroup = EA1AEE5229B47E540005241B /* Products */;
			projectDirPath = "";
			projectRoot = "";
			targets = (
				EA1AEE5029B47E540005241B /* ExpenseTracker */,
			);
		};
/* End PBXProject section */

/* Begin PBXResourcesBuildPhase section */
		EA1AEE4F29B47E540005241B /* Resources */ = {
			isa = PBXResourcesBuildPhase;
			buildActionMask = 2147483647;
			files = (
				EA1AEE5C29B47E560005241B /* Preview Assets.xcassets in Resources */,
				EA1AEE5929B47E560005241B /* Assets.xcassets in Resources */,
			);
			runOnlyForDeploymentPostprocessing = 0;
		};
/* End PBXResourcesBuildPhase section */

/* Begin PBXSourcesBuildPhase section */
		EA1AEE4D29B47E540005241B /* Sources */ = {
			isa = PBXSourcesBuildPhase;
			buildActionMask = 2147483647;
			files = (
				EA1AEE6929B482800005241B /* PreviewData.swift in Sources */,
				EA1AEE7529B4AEF80005241B /* TransactionList.swift in Sources */,
				EA1AEE7229B496120005241B /* RecentTransactionList.swift in Sources */,
				EA1AEE6729B4818B0005241B /* TransactionModel.swift in Sources */,
				EA1AEE5729B47E540005241B /* ContentView.swift in Sources */,
				EA1AEE6B29B4831B0005241B /* TransactionRow.swift in Sources */,
				EA1AEE6529B47F950005241B /* Extensions.swift in Sources */,
				EA1AEE5529B47E540005241B /* ExpenseTrackerApp.swift in Sources */,
				EA1AEE7329B49CEC0005241B /* TransactionListViewModel.swift in Sources */,
			);
			runOnlyForDeploymentPostprocessing = 0;
		};
/* End PBXSourcesBuildPhase section */

/* Begin XCBuildConfiguration section */
		EA1AEE5D29B47E560005241B /* Debug */ = {
			isa = XCBuildConfiguration;
			buildSettings = {
				ALWAYS_SEARCH_USER_PATHS = NO;
				CLANG_ANALYZER_NONNULL = YES;
				CLANG_ANALYZER_NUMBER_OBJECT_CONVERSION = YES_AGGRESSIVE;
				CLANG_CXX_LANGUAGE_STANDARD = "gnu++20";
				CLANG_ENABLE_MODULES = YES;
				CLANG_ENABLE_OBJC_ARC = YES;
				CLANG_ENABLE_OBJC_WEAK = YES;
				CLANG_WARN_BLOCK_CAPTURE_AUTORELEASING = YES;
				CLANG_WARN_BOOL_CONVERSION = YES;
				CLANG_WARN_COMMA = YES;
				CLANG_WARN_CONSTANT_CONVERSION = YES;
				CLANG_WARN_DEPRECATED_OBJC_IMPLEMENTATIONS = YES;
				CLANG_WARN_DIRECT_OBJC_ISA_USAGE = YES_ERROR;
				CLANG_WARN_DOCUMENTATION_COMMENTS = YES;
				CLANG_WARN_EMPTY_BODY = YES;
				CLANG_WARN_ENUM_CONVERSION = YES;
				CLANG_WARN_INFINITE_RECURSION = YES;
				CLANG_WARN_INT_CONVERSION = YES;
				CLANG_WARN_NON_LITERAL_NULL_CONVERSION = YES;
				CLANG_WARN_OBJC_IMPLICIT_RETAIN_SELF = YES;
				CLANG_WARN_OBJC_LITERAL_CONVERSION = YES;
				CLANG_WARN_OBJC_ROOT_CLASS = YES_ERROR;
				CLANG_WARN_QUOTED_INCLUDE_IN_FRAMEWORK_HEADER = YES;
				CLANG_WARN_RANGE_LOOP_ANALYSIS = YES;
				CLANG_WARN_STRICT_PROTOTYPES = YES;
				CLANG_WARN_SUSPICIOUS_MOVE = YES;
				CLANG_WARN_UNGUARDED_AVAILABILITY = YES_AGGRESSIVE;
				CLANG_WARN_UNREACHABLE_CODE = YES;
				CLANG_WARN__DUPLICATE_METHOD_MATCH = YES;
				COPY_PHASE_STRIP = NO;
				DEBUG_INFORMATION_FORMAT = dwarf;
				ENABLE_STRICT_OBJC_MSGSEND = YES;
				ENABLE_TESTABILITY = YES;
				GCC_C_LANGUAGE_STANDARD = gnu11;
				GCC_DYNAMIC_NO_PIC = NO;
				GCC_NO_COMMON_BLOCKS = YES;
				GCC_OPTIMIZATION_LEVEL = 0;
				GCC_PREPROCESSOR_DEFINITIONS = (
					"DEBUG=1",
					"$(inherited)",
				);
				GCC_WARN_64_TO_32_BIT_CONVERSION = YES;
				GCC_WARN_ABOUT_RETURN_TYPE = YES_ERROR;
				GCC_WARN_UNDECLARED_SELECTOR = YES;
				GCC_WARN_UNINITIALIZED_AUTOS = YES_AGGRESSIVE;
				GCC_WARN_UNUSED_FUNCTION = YES;
				GCC_WARN_UNUSED_VARIABLE = YES;
				IPHONEOS_DEPLOYMENT_TARGET = 16.2;
				MTL_ENABLE_DEBUG_INFO = INCLUDE_SOURCE;
				MTL_FAST_MATH = YES;
				ONLY_ACTIVE_ARCH = YES;
				SDKROOT = iphoneos;
				SWIFT_ACTIVE_COMPILATION_CONDITIONS = DEBUG;
				SWIFT_OPTIMIZATION_LEVEL = "-Onone";
			};
			name = Debug;
		};
		EA1AEE5E29B47E560005241B /* Release */ = {
			isa = XCBuildConfiguration;
			buildSettings = {
				ALWAYS_SEARCH_USER_PATHS = NO;
				CLANG_ANALYZER_NONNULL = YES;
				CLANG_ANALYZER_NUMBER_OBJECT_CONVERSION = YES_AGGRESSIVE;
				CLANG_CXX_LANGUAGE_STANDARD = "gnu++20";
				CLANG_ENABLE_MODULES = YES;
				CLANG_ENABLE_OBJC_ARC = YES;
				CLANG_ENABLE_OBJC_WEAK = YES;
				CLANG_WARN_BLOCK_CAPTURE_AUTORELEASING = YES;
				CLANG_WARN_BOOL_CONVERSION = YES;
				CLANG_WARN_COMMA = YES;
				CLANG_WARN_CONSTANT_CONVERSION = YES;
				CLANG_WARN_DEPRECATED_OBJC_IMPLEMENTATIONS = YES;
				CLANG_WARN_DIRECT_OBJC_ISA_USAGE = YES_ERROR;
				CLANG_WARN_DOCUMENTATION_COMMENTS = YES;
				CLANG_WARN_EMPTY_BODY = YES;
				CLANG_WARN_ENUM_CONVERSION = YES;
				CLANG_WARN_INFINITE_RECURSION = YES;
				CLANG_WARN_INT_CONVERSION = YES;
				CLANG_WARN_NON_LITERAL_NULL_CONVERSION = YES;
				CLANG_WARN_OBJC_IMPLICIT_RETAIN_SELF = YES;
				CLANG_WARN_OBJC_LITERAL_CONVERSION = YES;
				CLANG_WARN_OBJC_ROOT_CLASS = YES_ERROR;
				CLANG_WARN_QUOTED_INCLUDE_IN_FRAMEWORK_HEADER = YES;
				CLANG_WARN_RANGE_LOOP_ANALYSIS = YES;
				CLANG_WARN_STRICT_PROTOTYPES = YES;
				CLANG_WARN_SUSPICIOUS_MOVE = YES;
				CLANG_WARN_UNGUARDED_AVAILABILITY = YES_AGGRESSIVE;
				CLANG_WARN_UNREACHABLE_CODE = YES;
				CLANG_WARN__DUPLICATE_METHOD_MATCH = YES;
				COPY_PHASE_STRIP = NO;
				DEBUG_INFORMATION_FORMAT = "dwarf-with-dsym";
				ENABLE_NS_ASSERTIONS = NO;
				ENABLE_STRICT_OBJC_MSGSEND = YES;
				GCC_C_LANGUAGE_STANDARD = gnu11;
				GCC_NO_COMMON_BLOCKS = YES;
				GCC_WARN_64_TO_32_BIT_CONVERSION = YES;
				GCC_WARN_ABOUT_RETURN_TYPE = YES_ERROR;
				GCC_WARN_UNDECLARED_SELECTOR = YES;
				GCC_WARN_UNINITIALIZED_AUTOS = YES_AGGRESSIVE;
				GCC_WARN_UNUSED_FUNCTION = YES;
				GCC_WARN_UNUSED_VARIABLE = YES;
				IPHONEOS_DEPLOYMENT_TARGET = 16.2;
				MTL_ENABLE_DEBUG_INFO = NO;
				MTL_FAST_MATH = YES;
				SDKROOT = iphoneos;
				SWIFT_COMPILATION_MODE = wholemodule;
				SWIFT_OPTIMIZATION_LEVEL = "-O";
				VALIDATE_PRODUCT = YES;
			};
			name = Release;
		};
		EA1AEE6029B47E560005241B /* Debug */ = {
			isa = XCBuildConfiguration;
			buildSettings = {
				ASSETCATALOG_COMPILER_APPICON_NAME = AppIcon;
				ASSETCATALOG_COMPILER_GLOBAL_ACCENT_COLOR_NAME = AccentColor;
				CODE_SIGN_STYLE = Automatic;
				CURRENT_PROJECT_VERSION = 1;
				DEVELOPMENT_ASSET_PATHS = "\"ExpenseTracker/Preview Content\"";
				ENABLE_PREVIEWS = YES;
				GENERATE_INFOPLIST_FILE = YES;
				INFOPLIST_KEY_UIApplicationSceneManifest_Generation = YES;
				INFOPLIST_KEY_UIApplicationSupportsIndirectInputEvents = YES;
				INFOPLIST_KEY_UILaunchScreen_Generation = YES;
				INFOPLIST_KEY_UISupportedInterfaceOrientations_iPad = "UIInterfaceOrientationPortrait UIInterfaceOrientationPortraitUpsideDown UIInterfaceOrientationLandscapeLeft UIInterfaceOrientationLandscapeRight";
				INFOPLIST_KEY_UISupportedInterfaceOrientations_iPhone = "UIInterfaceOrientationPortrait UIInterfaceOrientationLandscapeLeft UIInterfaceOrientationLandscapeRight";
				LD_RUNPATH_SEARCH_PATHS = (
					"$(inherited)",
					"@executable_path/Frameworks",
				);
				MARKETING_VERSION = 1.0;
				PRODUCT_BUNDLE_IDENTIFIER = networkdavit.ExpenseTracker;
				PRODUCT_NAME = "$(TARGET_NAME)";
				SWIFT_EMIT_LOC_STRINGS = YES;
				SWIFT_VERSION = 5.0;
				TARGETED_DEVICE_FAMILY = "1,2";
			};
			name = Debug;
		};
		EA1AEE6129B47E560005241B /* Release */ = {
			isa = XCBuildConfiguration;
			buildSettings = {
				ASSETCATALOG_COMPILER_APPICON_NAME = AppIcon;
				ASSETCATALOG_COMPILER_GLOBAL_ACCENT_COLOR_NAME = AccentColor;
				CODE_SIGN_STYLE = Automatic;
				CURRENT_PROJECT_VERSION = 1;
				DEVELOPMENT_ASSET_PATHS = "\"ExpenseTracker/Preview Content\"";
				ENABLE_PREVIEWS = YES;
				GENERATE_INFOPLIST_FILE = YES;
				INFOPLIST_KEY_UIApplicationSceneManifest_Generation = YES;
				INFOPLIST_KEY_UIApplicationSupportsIndirectInputEvents = YES;
				INFOPLIST_KEY_UILaunchScreen_Generation = YES;
				INFOPLIST_KEY_UISupportedInterfaceOrientations_iPad = "UIInterfaceOrientationPortrait UIInterfaceOrientationPortraitUpsideDown UIInterfaceOrientationLandscapeLeft UIInterfaceOrientationLandscapeRight";
				INFOPLIST_KEY_UISupportedInterfaceOrientations_iPhone = "UIInterfaceOrientationPortrait UIInterfaceOrientationLandscapeLeft UIInterfaceOrientationLandscapeRight";
				LD_RUNPATH_SEARCH_PATHS = (
					"$(inherited)",
					"@executable_path/Frameworks",
				);
				MARKETING_VERSION = 1.0;
				PRODUCT_BUNDLE_IDENTIFIER = networkdavit.ExpenseTracker;
				PRODUCT_NAME = "$(TARGET_NAME)";
				SWIFT_EMIT_LOC_STRINGS = YES;
				SWIFT_VERSION = 5.0;
				TARGETED_DEVICE_FAMILY = "1,2";
			};
			name = Release;
		};
/* End XCBuildConfiguration section */

/* Begin XCConfigurationList section */
		EA1AEE4C29B47E540005241B /* Build configuration list for PBXProject "ExpenseTracker" */ = {
			isa = XCConfigurationList;
			buildConfigurations = (
				EA1AEE5D29B47E560005241B /* Debug */,
				EA1AEE5E29B47E560005241B /* Release */,
			);
			defaultConfigurationIsVisible = 0;
			defaultConfigurationName = Release;
		};
		EA1AEE5F29B47E560005241B /* Build configuration list for PBXNativeTarget "ExpenseTracker" */ = {
			isa = XCConfigurationList;
			buildConfigurations = (
				EA1AEE6029B47E560005241B /* Debug */,
				EA1AEE6129B47E560005241B /* Release */,
			);
			defaultConfigurationIsVisible = 0;
			defaultConfigurationName = Release;
		};
/* End XCConfigurationList section */

/* Begin XCRemoteSwiftPackageReference section */
		EA1AEE6C29B488520005241B /* XCRemoteSwiftPackageReference "SwiftUIFontIcon" */ = {
			isa = XCRemoteSwiftPackageReference;
			repositoryURL = "https://github.com/huybuidac/SwiftUIFontIcon";
			requirement = {
				branch = master;
				kind = branch;
			};
		};
		EA1AEE7629B4B1730005241B /* XCRemoteSwiftPackageReference "swift-collections" */ = {
			isa = XCRemoteSwiftPackageReference;
			repositoryURL = "https://github.com/apple/swift-collections.git";
			requirement = {
				kind = upToNextMajorVersion;
				minimumVersion = 1.0.2;
			};
		};
		EA1AEE7929B4B2730005241B /* XCRemoteSwiftPackageReference "ChartView" */ = {
			isa = XCRemoteSwiftPackageReference;
			repositoryURL = "https://github.com/AppPear/ChartView";
			requirement = {
				kind = exactVersion;
				version = "2.0.0-beta.2";
			};
		};
/* End XCRemoteSwiftPackageReference section */

/* Begin XCSwiftPackageProductDependency section */
		EA1AEE6D29B488520005241B /* SwiftUIFontIcon */ = {
			isa = XCSwiftPackageProductDependency;
			package = EA1AEE6C29B488520005241B /* XCRemoteSwiftPackageReference "SwiftUIFontIcon" */;
			productName = SwiftUIFontIcon;
		};
		EA1AEE7729B4B1730005241B /* Collections */ = {
			isa = XCSwiftPackageProductDependency;
			package = EA1AEE7629B4B1730005241B /* XCRemoteSwiftPackageReference "swift-collections" */;
			productName = Collections;
		};
		EA1AEE7A29B4B2730005241B /* SwiftUICharts */ = {
			isa = XCSwiftPackageProductDependency;
			package = EA1AEE7929B4B2730005241B /* XCRemoteSwiftPackageReference "ChartView" */;
			productName = SwiftUICharts;
		};
/* End XCSwiftPackageProductDependency section */
	};
	rootObject = EA1AEE4929B47E540005241B /* Project object */;
}
